{
    "_meta": {
        "hash": {
            "sha256": "3654bced0222e31a7dc7c10e5acc5680271b165f0a753734ec70c3461a19038b"
        },
        "pipfile-spec": 6,
        "requires": {
            "python_version": "3.11"
        },
        "sources": [
            {
                "name": "pypi",
                "url": "https://pypi.org/simple",
                "verify_ssl": true
            }
        ]
    },
    "default": {
        "numpy": {
            "hashes": [
                "sha256:0704c94f89bf8d5d4f5722b305a29cbb1ad91c7f3dcdcda61cb80d6e5443365b",
                "sha256:07c0f3b174970054c613c33e90627fbafbc5d9115adf8829658b833278e7017c",
                "sha256:0983fb5b475406cd6aa2f4f364768fb388e1211fd94fb496ad49e214d5c79792",
                "sha256:0a5c85f625751b77a6f613db2de5f62514024a7ea6d3be534421746e094b2121",
                "sha256:146d7e5ee04433ce8eb504d0dcffff524a5ba759bd1fb9c73189c3436b04d59c",
                "sha256:1651a59e5d8dbb09b84254e358aa2fe10431df5a92ddefb1ac20208c75bd2fa2",
                "sha256:1d6198ee7eb45e5d9cc8a5c9102b734f0c5683c0e440ae7cfad90ad8cb9316d2",
                "sha256:50346a0d81444f420518c7d6996524d7e559cdfa2e41886381442f012593590e",
                "sha256:5db5f7a8f150614684c34449010c15b61df8d8e5fc0cd79ce30e82f493598599",
                "sha256:6f34b8f2996ebad781cd878276e03d247f0129640fb0ae76bb16addc4df822d1",
                "sha256:748285bca9fb0f06a16034d4b9c6dce77997d2ccddf769aaeb4760fea4752ea2",
                "sha256:8bc069b085289f3b7a578519504962330fab91459a847195b914f69b9170b75c",
                "sha256:925d39290878d680eb8dd690f969faa0a4956b7bd77daf3573486eb39d8e5724",
                "sha256:a2495e48db12f546e4e3f9ea1f665390828098344bf63bca50309a68d713d302",
                "sha256:a68647adc9945eac88f4fce96195177c2a81577baa448c1c1bbd5751c550e8b5",
                "sha256:ab18e29ad73ce560747de10ebe75f145be3026b7480e76d7a5314c2bef0fc831",
                "sha256:b45bdcde72ce02a92ae183ef211bcf7f04e15d5e3df6714866de66d8ec8cc822",
                "sha256:b4eca15593bec5ef3e2e05c157ff1be3990d04a862f49fd46b4e527ff390b778",
                "sha256:b6e807f59c1f71e74603a2a88b0b997d7f43e002f6e5f7f55649c6e07738f1ad",
                "sha256:bdd44d3133c800792f2beda0e24f86b3ae06a8a31172395c650d13e4c05d1d5b",
                "sha256:c943c61fa708a6225e199aff755b2c3f5a353a2bbb726e10334a05b8e1fc030b",
                "sha256:c9ff51e627e7584eb7ee09f6fe494862e45f796e53b5ee7267d3d5633a79dac6",
                "sha256:dce26877ad77c9722e35c9ca82e9272cb6d10aa0a4f95e633b13511dcf549b5f",
                "sha256:df9a9c28ad95c87b4047e1acd45715eb430fb5f6df39556279b3f36ce75c697b",
                "sha256:e30689dd418f2db3d2d3039cb08011047d27708fdc24c592d56fa58aaeb01672",
                "sha256:e4909946cf43ff713f95780d483793d8fb23c1559686a8221e91f89e5ecceea0",
                "sha256:e948367a0b9aa68a081c4cf817751c6d0d589a37ce6bb40fea39a882b4858834",
                "sha256:ea9ca0989fdd42d3320a94f540f317fb615be9ceab75a07078a84b9933582da5"
            ],
            "index": "pypi",
            "version": "==1.24.0rc2"
        }
    },
    "develop": {
        "black": {
            "hashes": [
                "sha256:101c69b23df9b44247bd88e1d7e90154336ac4992502d4197bdac35dd7ee3320",
                "sha256:159a46a4947f73387b4d83e87ea006dbb2337eab6c879620a3ba52699b1f4351",
                "sha256:1f58cbe16dfe8c12b7434e50ff889fa479072096d79f0a7f25e4ab8e94cd8350",
                "sha256:229351e5a18ca30f447bf724d007f890f97e13af070bb6ad4c0a441cd7596a2f",
                "sha256:436cc9167dd28040ad90d3b404aec22cedf24a6e4d7de221bec2730ec0c97bcf",
                "sha256:559c7a1ba9a006226f09e4916060982fd27334ae1998e7a38b3f33a37f7a2148",
                "sha256:7412e75863aa5c5411886804678b7d083c7c28421210180d67dfd8cf1221e1f4",
                "sha256:77d86c9f3db9b1bf6761244bc0b3572a546f5fe37917a044e02f3166d5aafa7d",
                "sha256:82d9fe8fee3401e02e79767016b4907820a7dc28d70d137eb397b92ef3cc5bfc",
                "sha256:9eedd20838bd5d75b80c9f5487dbcb06836a43833a37846cf1d8c1cc01cef59d",
                "sha256:c116eed0efb9ff870ded8b62fe9f28dd61ef6e9ddd28d83d7d264a38417dcee2",
                "sha256:d30b212bffeb1e252b31dd269dfae69dd17e06d92b87ad26e23890f3efea366f"
            ],
            "index": "pypi",
            "version": "==22.12.0"
        },
        "click": {
            "hashes": [
                "sha256:7682dc8afb30297001674575ea00d1814d808d6a36af415a82bd481d37ba7b8e",
                "sha256:bb4d8133cb15a609f44e8213d9b391b0809795062913b383c62be0ee95b1db48"
            ],
            "markers": "python_version >= '3.7'",
            "version": "==8.1.3"
        },
        "mypy-extensions": {
            "hashes": [
                "sha256:090fedd75945a69ae91ce1303b5824f428daf5a028d2f6ab8a299250a846f15d",
                "sha256:2d82818f5bb3e369420cb3c4060a7970edba416647068eb4c5343488a6c604a8"
            ],
            "version": "==0.4.3"
        },
        "pathspec": {
            "hashes": [
                "sha256:3c95343af8b756205e2aba76e843ba9520a24dd84f68c22b9f93251507509dd6",
                "sha256:56200de4077d9d0791465aa9095a01d421861e405b5096955051deefd697d6f6"
            ],
            "markers": "python_version >= '3.7'",
            "version": "==0.10.3"
        },
        "platformdirs": {
            "hashes": [
                "sha256:1a89a12377800c81983db6be069ec068eee989748799b946cce2a6e80dcc54ca",
                "sha256:b46ffafa316e6b83b47489d240ce17173f123a9b9c83282141c3daf26ad9ac2e"
            ],
            "markers": "python_version >= '3.7'",
            "version": "==2.6.0"
        }
    }
}
